// !$*UTF8*$!
{
	archiveVersion = 1;
	classes = {
	};
	objectVersion = 55;
	objects = {

/* Begin PBXBuildFile section */
		2E0101EC28F4EC920074F404 /* MessageView.swift in Sources */ = {isa = PBXBuildFile; fileRef = 2E0101EB28F4EC910074F404 /* MessageView.swift */; };
		2E15CEA328F3DEEC00AF5328 /* SignUpView.swift in Sources */ = {isa = PBXBuildFile; fileRef = 2E15CEA228F3DEEC00AF5328 /* SignUpView.swift */; };
		2E817DF5290368EB001F1A75 /* PostVM.swift in Sources */ = {isa = PBXBuildFile; fileRef = 2E817DF4290368EB001F1A75 /* PostVM.swift */; };
		2E8DD07C28F5470300D1D035 /* VerifyEmailView.swift in Sources */ = {isa = PBXBuildFile; fileRef = 2E8DD07B28F5470300D1D035 /* VerifyEmailView.swift */; };
		2EF0007528EB972E00F2FAAE /* UserModel.swift in Sources */ = {isa = PBXBuildFile; fileRef = 2EF0007428EB972E00F2FAAE /* UserModel.swift */; };
		7D92287228EF71CA00ECAD95 /* LogInView.swift in Sources */ = {isa = PBXBuildFile; fileRef = 7D92287128EF71CA00ECAD95 /* LogInView.swift */; };
		C5262B8129044DEA0012E780 /* CustomInput.swift in Sources */ = {isa = PBXBuildFile; fileRef = C5262B8029044DEA0012E780 /* CustomInput.swift */; };
		C527281E28E64419008C1D60 /* PostView.swift in Sources */ = {isa = PBXBuildFile; fileRef = C527281D28E64419008C1D60 /* PostView.swift */; };
		C527282028E644D6008C1D60 /* HomeView.swift in Sources */ = {isa = PBXBuildFile; fileRef = C527281F28E644D6008C1D60 /* HomeView.swift */; };
		C527282228E64660008C1D60 /* ChatView.swift in Sources */ = {isa = PBXBuildFile; fileRef = C527282128E64660008C1D60 /* ChatView.swift */; };
		C527282428E64698008C1D60 /* ProfileView.swift in Sources */ = {isa = PBXBuildFile; fileRef = C527282328E64698008C1D60 /* ProfileView.swift */; };
		C527282928E7480B008C1D60 /* Masonry.swift in Sources */ = {isa = PBXBuildFile; fileRef = C527282828E7480B008C1D60 /* Masonry.swift */; };
		C527282B28E788FD008C1D60 /* ItemCardView.swift in Sources */ = {isa = PBXBuildFile; fileRef = C527282A28E788FD008C1D60 /* ItemCardView.swift */; };
		C527283F28E8BEF4008C1D60 /* GoogleService-Info.plist in Resources */ = {isa = PBXBuildFile; fileRef = C527283E28E8BEF4008C1D60 /* GoogleService-Info.plist */; };
		C527284028E8BEF4008C1D60 /* GoogleService-Info.plist in Resources */ = {isa = PBXBuildFile; fileRef = C527283E28E8BEF4008C1D60 /* GoogleService-Info.plist */; };
		C527284128E8BEF4008C1D60 /* GoogleService-Info.plist in Resources */ = {isa = PBXBuildFile; fileRef = C527283E28E8BEF4008C1D60 /* GoogleService-Info.plist */; };
		C527284428E8C1B9008C1D60 /* FirebaseAnalytics in Frameworks */ = {isa = PBXBuildFile; productRef = C527284328E8C1B9008C1D60 /* FirebaseAnalytics */; };
		C527284628E8C1B9008C1D60 /* FirebaseAnalyticsSwift in Frameworks */ = {isa = PBXBuildFile; productRef = C527284528E8C1B9008C1D60 /* FirebaseAnalyticsSwift */; };
		C527284828E8C1B9008C1D60 /* FirebaseAuth in Frameworks */ = {isa = PBXBuildFile; productRef = C527284728E8C1B9008C1D60 /* FirebaseAuth */; };
		C527284A28E8C1B9008C1D60 /* FirebaseFirestore in Frameworks */ = {isa = PBXBuildFile; productRef = C527284928E8C1B9008C1D60 /* FirebaseFirestore */; };
		C527284C28E8C1B9008C1D60 /* FirebaseFirestoreSwift in Frameworks */ = {isa = PBXBuildFile; productRef = C527284B28E8C1B9008C1D60 /* FirebaseFirestoreSwift */; };
		C532138F28F341C9004F2267 /* SlidingTabView in Frameworks */ = {isa = PBXBuildFile; productRef = C532138E28F341C9004F2267 /* SlidingTabView */; };
		C55ED99B28DD01E1001BD218 /* Campus_ClosetApp.swift in Sources */ = {isa = PBXBuildFile; fileRef = C55ED99A28DD01E1001BD218 /* Campus_ClosetApp.swift */; };
		C55ED99D28DD01E1001BD218 /* ContentView.swift in Sources */ = {isa = PBXBuildFile; fileRef = C55ED99C28DD01E1001BD218 /* ContentView.swift */; };
		C55ED99F28DD01E2001BD218 /* Assets.xcassets in Resources */ = {isa = PBXBuildFile; fileRef = C55ED99E28DD01E2001BD218 /* Assets.xcassets */; };
		C55ED9A228DD01E2001BD218 /* Preview Assets.xcassets in Resources */ = {isa = PBXBuildFile; fileRef = C55ED9A128DD01E2001BD218 /* Preview Assets.xcassets */; };
		C55ED9AC28DD01E3001BD218 /* Campus_ClosetTests.swift in Sources */ = {isa = PBXBuildFile; fileRef = C55ED9AB28DD01E3001BD218 /* Campus_ClosetTests.swift */; };
		C55ED9B628DD01E3001BD218 /* Campus_ClosetUITests.swift in Sources */ = {isa = PBXBuildFile; fileRef = C55ED9B528DD01E3001BD218 /* Campus_ClosetUITests.swift */; };
		C55ED9B828DD01E3001BD218 /* Campus_ClosetUITestsLaunchTests.swift in Sources */ = {isa = PBXBuildFile; fileRef = C55ED9B728DD01E3001BD218 /* Campus_ClosetUITestsLaunchTests.swift */; };
		C5B84AC128EF7678004D1146 /* EditProfile.swift in Sources */ = {isa = PBXBuildFile; fileRef = C5B84AC028EF7678004D1146 /* EditProfile.swift */; };
		C5D69BA52902FC47004FD7C7 /* OnboardingVM.swift in Sources */ = {isa = PBXBuildFile; fileRef = C5D69BA42902FC47004FD7C7 /* OnboardingVM.swift */; };
		C5D69BAF29032E64004FD7C7 /* ItemModel.swift in Sources */ = {isa = PBXBuildFile; fileRef = C5D69BAE29032E64004FD7C7 /* ItemModel.swift */; };
/* End PBXBuildFile section */

/* Begin PBXContainerItemProxy section */
		C55ED9A828DD01E3001BD218 /* PBXContainerItemProxy */ = {
			isa = PBXContainerItemProxy;
			containerPortal = C55ED98F28DD01E1001BD218 /* Project object */;
			proxyType = 1;
			remoteGlobalIDString = C55ED99628DD01E1001BD218;
			remoteInfo = "Campus-Closet";
		};
		C55ED9B228DD01E3001BD218 /* PBXContainerItemProxy */ = {
			isa = PBXContainerItemProxy;
			containerPortal = C55ED98F28DD01E1001BD218 /* Project object */;
			proxyType = 1;
			remoteGlobalIDString = C55ED99628DD01E1001BD218;
			remoteInfo = "Campus-Closet";
		};
/* End PBXContainerItemProxy section */

/* Begin PBXFileReference section */
		2E0101EB28F4EC910074F404 /* MessageView.swift */ = {isa = PBXFileReference; lastKnownFileType = sourcecode.swift; path = MessageView.swift; sourceTree = "<group>"; };
		2E15CEA228F3DEEC00AF5328 /* SignUpView.swift */ = {isa = PBXFileReference; lastKnownFileType = sourcecode.swift; path = SignUpView.swift; sourceTree = "<group>"; };
		2E817DF4290368EB001F1A75 /* PostVM.swift */ = {isa = PBXFileReference; lastKnownFileType = sourcecode.swift; path = PostVM.swift; sourceTree = "<group>"; };
		2E8DD07B28F5470300D1D035 /* VerifyEmailView.swift */ = {isa = PBXFileReference; lastKnownFileType = sourcecode.swift; path = VerifyEmailView.swift; sourceTree = "<group>"; };
		2EF0007428EB972E00F2FAAE /* UserModel.swift */ = {isa = PBXFileReference; lastKnownFileType = sourcecode.swift; path = UserModel.swift; sourceTree = "<group>"; };
		7D92287128EF71CA00ECAD95 /* LogInView.swift */ = {isa = PBXFileReference; lastKnownFileType = sourcecode.swift; path = LogInView.swift; sourceTree = "<group>"; };
		C5262B8029044DEA0012E780 /* CustomInput.swift */ = {isa = PBXFileReference; lastKnownFileType = sourcecode.swift; path = CustomInput.swift; sourceTree = "<group>"; };
		C527281D28E64419008C1D60 /* PostView.swift */ = {isa = PBXFileReference; lastKnownFileType = sourcecode.swift; path = PostView.swift; sourceTree = "<group>"; };
		C527281F28E644D6008C1D60 /* HomeView.swift */ = {isa = PBXFileReference; lastKnownFileType = sourcecode.swift; path = HomeView.swift; sourceTree = "<group>"; };
		C527282128E64660008C1D60 /* ChatView.swift */ = {isa = PBXFileReference; lastKnownFileType = sourcecode.swift; path = ChatView.swift; sourceTree = "<group>"; };
		C527282328E64698008C1D60 /* ProfileView.swift */ = {isa = PBXFileReference; lastKnownFileType = sourcecode.swift; path = ProfileView.swift; sourceTree = "<group>"; };
		C527282828E7480B008C1D60 /* Masonry.swift */ = {isa = PBXFileReference; lastKnownFileType = sourcecode.swift; path = Masonry.swift; sourceTree = "<group>"; };
		C527282A28E788FD008C1D60 /* ItemCardView.swift */ = {isa = PBXFileReference; lastKnownFileType = sourcecode.swift; path = ItemCardView.swift; sourceTree = "<group>"; };
		C527283E28E8BEF4008C1D60 /* GoogleService-Info.plist */ = {isa = PBXFileReference; fileEncoding = 4; lastKnownFileType = text.plist.xml; path = "GoogleService-Info.plist"; sourceTree = "<group>"; };
		C55ED99728DD01E1001BD218 /* Campus-Closet.app */ = {isa = PBXFileReference; explicitFileType = wrapper.application; includeInIndex = 0; path = "Campus-Closet.app"; sourceTree = BUILT_PRODUCTS_DIR; };
		C55ED99A28DD01E1001BD218 /* Campus_ClosetApp.swift */ = {isa = PBXFileReference; lastKnownFileType = sourcecode.swift; path = Campus_ClosetApp.swift; sourceTree = "<group>"; };
		C55ED99C28DD01E1001BD218 /* ContentView.swift */ = {isa = PBXFileReference; lastKnownFileType = sourcecode.swift; path = ContentView.swift; sourceTree = "<group>"; };
		C55ED99E28DD01E2001BD218 /* Assets.xcassets */ = {isa = PBXFileReference; lastKnownFileType = folder.assetcatalog; path = Assets.xcassets; sourceTree = "<group>"; };
		C55ED9A128DD01E2001BD218 /* Preview Assets.xcassets */ = {isa = PBXFileReference; lastKnownFileType = folder.assetcatalog; path = "Preview Assets.xcassets"; sourceTree = "<group>"; };
		C55ED9A728DD01E3001BD218 /* Campus-ClosetTests.xctest */ = {isa = PBXFileReference; explicitFileType = wrapper.cfbundle; includeInIndex = 0; path = "Campus-ClosetTests.xctest"; sourceTree = BUILT_PRODUCTS_DIR; };
		C55ED9AB28DD01E3001BD218 /* Campus_ClosetTests.swift */ = {isa = PBXFileReference; lastKnownFileType = sourcecode.swift; path = Campus_ClosetTests.swift; sourceTree = "<group>"; };
		C55ED9B128DD01E3001BD218 /* Campus-ClosetUITests.xctest */ = {isa = PBXFileReference; explicitFileType = wrapper.cfbundle; includeInIndex = 0; path = "Campus-ClosetUITests.xctest"; sourceTree = BUILT_PRODUCTS_DIR; };
		C55ED9B528DD01E3001BD218 /* Campus_ClosetUITests.swift */ = {isa = PBXFileReference; lastKnownFileType = sourcecode.swift; path = Campus_ClosetUITests.swift; sourceTree = "<group>"; };
		C55ED9B728DD01E3001BD218 /* Campus_ClosetUITestsLaunchTests.swift */ = {isa = PBXFileReference; lastKnownFileType = sourcecode.swift; path = Campus_ClosetUITestsLaunchTests.swift; sourceTree = "<group>"; };
		C5B84AC028EF7678004D1146 /* EditProfile.swift */ = {isa = PBXFileReference; lastKnownFileType = sourcecode.swift; path = EditProfile.swift; sourceTree = "<group>"; };
		C5D69BA42902FC47004FD7C7 /* OnboardingVM.swift */ = {isa = PBXFileReference; lastKnownFileType = sourcecode.swift; path = OnboardingVM.swift; sourceTree = "<group>"; };
		C5D69BAE29032E64004FD7C7 /* ItemModel.swift */ = {isa = PBXFileReference; lastKnownFileType = sourcecode.swift; path = ItemModel.swift; sourceTree = "<group>"; };
/* End PBXFileReference section */

/* Begin PBXFrameworksBuildPhase section */
		C55ED99428DD01E1001BD218 /* Frameworks */ = {
			isa = PBXFrameworksBuildPhase;
			buildActionMask = 2147483647;
			files = (
				C532138F28F341C9004F2267 /* SlidingTabView in Frameworks */,
				C527284C28E8C1B9008C1D60 /* FirebaseFirestoreSwift in Frameworks */,
				C527284628E8C1B9008C1D60 /* FirebaseAnalyticsSwift in Frameworks */,
				C527284A28E8C1B9008C1D60 /* FirebaseFirestore in Frameworks */,
				C527284828E8C1B9008C1D60 /* FirebaseAuth in Frameworks */,
				C527284428E8C1B9008C1D60 /* FirebaseAnalytics in Frameworks */,
			);
			runOnlyForDeploymentPostprocessing = 0;
		};
		C55ED9A428DD01E3001BD218 /* Frameworks */ = {
			isa = PBXFrameworksBuildPhase;
			buildActionMask = 2147483647;
			files = (
			);
			runOnlyForDeploymentPostprocessing = 0;
		};
		C55ED9AE28DD01E3001BD218 /* Frameworks */ = {
			isa = PBXFrameworksBuildPhase;
			buildActionMask = 2147483647;
			files = (
			);
			runOnlyForDeploymentPostprocessing = 0;
		};
/* End PBXFrameworksBuildPhase section */

/* Begin PBXGroup section */
		2EF0007328EB971300F2FAAE /* Models */ = {
			isa = PBXGroup;
			children = (
				2EF0007428EB972E00F2FAAE /* UserModel.swift */,
				C5D69BAE29032E64004FD7C7 /* ItemModel.swift */,
			);
			path = Models;
			sourceTree = "<group>";
		};
		C527284E28E8C22B008C1D60 /* Views */ = {
			isa = PBXGroup;
			children = (
				2E0101EB28F4EC910074F404 /* MessageView.swift */,
				C527282128E64660008C1D60 /* ChatView.swift */,
				C5262B8029044DEA0012E780 /* CustomInput.swift */,
				C5D69BAB290314D7004FD7C7 /* Profile */,
				C5D69BA6290310E2004FD7C7 /* Onboarding */,
				C5D69BA729031123004FD7C7 /* Content */,
				C5D69BAA29031240004FD7C7 /* Post */,
			);
			path = Views;
			sourceTree = "<group>";
		};
		C55ED98E28DD01E1001BD218 = {
			isa = PBXGroup;
			children = (
				C55ED99928DD01E1001BD218 /* Campus-Closet */,
				C55ED9AA28DD01E3001BD218 /* Campus-ClosetTests */,
				C55ED9B428DD01E3001BD218 /* Campus-ClosetUITests */,
				C55ED99828DD01E1001BD218 /* Products */,
			);
			sourceTree = "<group>";
		};
		C55ED99828DD01E1001BD218 /* Products */ = {
			isa = PBXGroup;
			children = (
				C55ED99728DD01E1001BD218 /* Campus-Closet.app */,
				C55ED9A728DD01E3001BD218 /* Campus-ClosetTests.xctest */,
				C55ED9B128DD01E3001BD218 /* Campus-ClosetUITests.xctest */,
			);
			name = Products;
			sourceTree = "<group>";
		};
		C55ED99928DD01E1001BD218 /* Campus-Closet */ = {
			isa = PBXGroup;
			children = (
				2EF0007328EB971300F2FAAE /* Models */,
				C527284E28E8C22B008C1D60 /* Views */,
				C5BF285E28F5418D00258D3D /* ViewModels */,
				C55ED99E28DD01E2001BD218 /* Assets.xcassets */,
				C55ED99A28DD01E1001BD218 /* Campus_ClosetApp.swift */,
				C55ED9A028DD01E2001BD218 /* Preview Content */,
				C527283E28E8BEF4008C1D60 /* GoogleService-Info.plist */,
			);
			path = "Campus-Closet";
			sourceTree = "<group>";
		};
		C55ED9A028DD01E2001BD218 /* Preview Content */ = {
			isa = PBXGroup;
			children = (
				C55ED9A128DD01E2001BD218 /* Preview Assets.xcassets */,
			);
			path = "Preview Content";
			sourceTree = "<group>";
		};
		C55ED9AA28DD01E3001BD218 /* Campus-ClosetTests */ = {
			isa = PBXGroup;
			children = (
				C55ED9AB28DD01E3001BD218 /* Campus_ClosetTests.swift */,
			);
			path = "Campus-ClosetTests";
			sourceTree = "<group>";
		};
		C55ED9B428DD01E3001BD218 /* Campus-ClosetUITests */ = {
			isa = PBXGroup;
			children = (
				C55ED9B528DD01E3001BD218 /* Campus_ClosetUITests.swift */,
				C55ED9B728DD01E3001BD218 /* Campus_ClosetUITestsLaunchTests.swift */,
			);
			path = "Campus-ClosetUITests";
			sourceTree = "<group>";
		};
		C5BF285E28F5418D00258D3D /* ViewModels */ = {
			isa = PBXGroup;
			children = (
				C5D69BA42902FC47004FD7C7 /* OnboardingVM.swift */,
				2E817DF4290368EB001F1A75 /* PostVM.swift */,
			);
			path = ViewModels;
			sourceTree = "<group>";
		};
		C5D69BA6290310E2004FD7C7 /* Onboarding */ = {
			isa = PBXGroup;
			children = (
				7D92287128EF71CA00ECAD95 /* LogInView.swift */,
				2E8DD07B28F5470300D1D035 /* VerifyEmailView.swift */,
				2E15CEA228F3DEEC00AF5328 /* SignUpView.swift */,
			);
			path = Onboarding;
			sourceTree = "<group>";
		};
		C5D69BA729031123004FD7C7 /* Content */ = {
			isa = PBXGroup;
			children = (
				C527282A28E788FD008C1D60 /* ItemCardView.swift */,
				C527282828E7480B008C1D60 /* Masonry.swift */,
				C527281F28E644D6008C1D60 /* HomeView.swift */,
				C55ED99C28DD01E1001BD218 /* ContentView.swift */,
			);
			path = Content;
			sourceTree = "<group>";
		};
		C5D69BAA29031240004FD7C7 /* Post */ = {
			isa = PBXGroup;
			children = (
				C527281D28E64419008C1D60 /* PostView.swift */,
			);
			path = Post;
			sourceTree = "<group>";
		};
		C5D69BAB290314D7004FD7C7 /* Profile */ = {
			isa = PBXGroup;
			children = (
				C527282328E64698008C1D60 /* ProfileView.swift */,
				C5B84AC028EF7678004D1146 /* EditProfile.swift */,
			);
			path = Profile;
			sourceTree = "<group>";
		};
/* End PBXGroup section */

/* Begin PBXNativeTarget section */
		C55ED99628DD01E1001BD218 /* Campus-Closet */ = {
			isa = PBXNativeTarget;
			buildConfigurationList = C55ED9BB28DD01E3001BD218 /* Build configuration list for PBXNativeTarget "Campus-Closet" */;
			buildPhases = (
				C55ED99328DD01E1001BD218 /* Sources */,
				C55ED99428DD01E1001BD218 /* Frameworks */,
				C55ED99528DD01E1001BD218 /* Resources */,
			);
			buildRules = (
			);
			dependencies = (
			);
			name = "Campus-Closet";
			packageProductDependencies = (
				C527284328E8C1B9008C1D60 /* FirebaseAnalytics */,
				C527284528E8C1B9008C1D60 /* FirebaseAnalyticsSwift */,
				C527284728E8C1B9008C1D60 /* FirebaseAuth */,
				C527284928E8C1B9008C1D60 /* FirebaseFirestore */,
				C527284B28E8C1B9008C1D60 /* FirebaseFirestoreSwift */,
				C532138E28F341C9004F2267 /* SlidingTabView */,
			);
			productName = "Campus-Closet";
			productReference = C55ED99728DD01E1001BD218 /* Campus-Closet.app */;
			productType = "com.apple.product-type.application";
		};
		C55ED9A628DD01E3001BD218 /* Campus-ClosetTests */ = {
			isa = PBXNativeTarget;
			buildConfigurationList = C55ED9BE28DD01E3001BD218 /* Build configuration list for PBXNativeTarget "Campus-ClosetTests" */;
			buildPhases = (
				C55ED9A328DD01E3001BD218 /* Sources */,
				C55ED9A428DD01E3001BD218 /* Frameworks */,
				C55ED9A528DD01E3001BD218 /* Resources */,
			);
			buildRules = (
			);
			dependencies = (
				C55ED9A928DD01E3001BD218 /* PBXTargetDependency */,
			);
			name = "Campus-ClosetTests";
			productName = "Campus-ClosetTests";
			productReference = C55ED9A728DD01E3001BD218 /* Campus-ClosetTests.xctest */;
			productType = "com.apple.product-type.bundle.unit-test";
		};
		C55ED9B028DD01E3001BD218 /* Campus-ClosetUITests */ = {
			isa = PBXNativeTarget;
			buildConfigurationList = C55ED9C128DD01E3001BD218 /* Build configuration list for PBXNativeTarget "Campus-ClosetUITests" */;
			buildPhases = (
				C55ED9AD28DD01E3001BD218 /* Sources */,
				C55ED9AE28DD01E3001BD218 /* Frameworks */,
				C55ED9AF28DD01E3001BD218 /* Resources */,
			);
			buildRules = (
			);
			dependencies = (
				C55ED9B328DD01E3001BD218 /* PBXTargetDependency */,
			);
			name = "Campus-ClosetUITests";
			productName = "Campus-ClosetUITests";
			productReference = C55ED9B128DD01E3001BD218 /* Campus-ClosetUITests.xctest */;
			productType = "com.apple.product-type.bundle.ui-testing";
		};
/* End PBXNativeTarget section */

/* Begin PBXProject section */
		C55ED98F28DD01E1001BD218 /* Project object */ = {
			isa = PBXProject;
			attributes = {
				BuildIndependentTargetsInParallel = 1;
				LastSwiftUpdateCheck = 1320;
				LastUpgradeCheck = 1320;
				TargetAttributes = {
					C55ED99628DD01E1001BD218 = {
						CreatedOnToolsVersion = 13.2.1;
					};
					C55ED9A628DD01E3001BD218 = {
						CreatedOnToolsVersion = 13.2.1;
						TestTargetID = C55ED99628DD01E1001BD218;
					};
					C55ED9B028DD01E3001BD218 = {
						CreatedOnToolsVersion = 13.2.1;
						TestTargetID = C55ED99628DD01E1001BD218;
					};
				};
			};
			buildConfigurationList = C55ED99228DD01E1001BD218 /* Build configuration list for PBXProject "Campus-Closet" */;
			compatibilityVersion = "Xcode 13.0";
			developmentRegion = en;
			hasScannedForEncodings = 0;
			knownRegions = (
				en,
				Base,
			);
			mainGroup = C55ED98E28DD01E1001BD218;
			packageReferences = (
				C527284228E8C1B9008C1D60 /* XCRemoteSwiftPackageReference "firebase-ios-sdk" */,
				C532138D28F341C8004F2267 /* XCRemoteSwiftPackageReference "SlidingTabView" */,
			);
			productRefGroup = C55ED99828DD01E1001BD218 /* Products */;
			projectDirPath = "";
			projectRoot = "";
			targets = (
				C55ED99628DD01E1001BD218 /* Campus-Closet */,
				C55ED9A628DD01E3001BD218 /* Campus-ClosetTests */,
				C55ED9B028DD01E3001BD218 /* Campus-ClosetUITests */,
			);
		};
/* End PBXProject section */

/* Begin PBXResourcesBuildPhase section */
		C55ED99528DD01E1001BD218 /* Resources */ = {
			isa = PBXResourcesBuildPhase;
			buildActionMask = 2147483647;
			files = (
				C55ED9A228DD01E2001BD218 /* Preview Assets.xcassets in Resources */,
				C527283F28E8BEF4008C1D60 /* GoogleService-Info.plist in Resources */,
				C55ED99F28DD01E2001BD218 /* Assets.xcassets in Resources */,
			);
			runOnlyForDeploymentPostprocessing = 0;
		};
		C55ED9A528DD01E3001BD218 /* Resources */ = {
			isa = PBXResourcesBuildPhase;
			buildActionMask = 2147483647;
			files = (
				C527284028E8BEF4008C1D60 /* GoogleService-Info.plist in Resources */,
			);
			runOnlyForDeploymentPostprocessing = 0;
		};
		C55ED9AF28DD01E3001BD218 /* Resources */ = {
			isa = PBXResourcesBuildPhase;
			buildActionMask = 2147483647;
			files = (
				C527284128E8BEF4008C1D60 /* GoogleService-Info.plist in Resources */,
			);
			runOnlyForDeploymentPostprocessing = 0;
		};
/* End PBXResourcesBuildPhase section */

/* Begin PBXSourcesBuildPhase section */
		C55ED99328DD01E1001BD218 /* Sources */ = {
			isa = PBXSourcesBuildPhase;
			buildActionMask = 2147483647;
			files = (
				2E8DD07C28F5470300D1D035 /* VerifyEmailView.swift in Sources */,
				7D92287228EF71CA00ECAD95 /* LogInView.swift in Sources */,
				C55ED99D28DD01E1001BD218 /* ContentView.swift in Sources */,
				C527282B28E788FD008C1D60 /* ItemCardView.swift in Sources */,
				C5D69BAF29032E64004FD7C7 /* ItemModel.swift in Sources */,
				C527282028E644D6008C1D60 /* HomeView.swift in Sources */,
				2E15CEA328F3DEEC00AF5328 /* SignUpView.swift in Sources */,
				C527282228E64660008C1D60 /* ChatView.swift in Sources */,
				2EF0007528EB972E00F2FAAE /* UserModel.swift in Sources */,
				C527281E28E64419008C1D60 /* PostView.swift in Sources */,
				2E817DF5290368EB001F1A75 /* PostVM.swift in Sources */,
				C5262B8129044DEA0012E780 /* CustomInput.swift in Sources */,
				C5B84AC128EF7678004D1146 /* EditProfile.swift in Sources */,
				C527282428E64698008C1D60 /* ProfileView.swift in Sources */,
				2E0101EC28F4EC920074F404 /* MessageView.swift in Sources */,
				C527282928E7480B008C1D60 /* Masonry.swift in Sources */,
				C55ED99B28DD01E1001BD218 /* Campus_ClosetApp.swift in Sources */,
				C5D69BA52902FC47004FD7C7 /* OnboardingVM.swift in Sources */,
			);
			runOnlyForDeploymentPostprocessing = 0;
		};
		C55ED9A328DD01E3001BD218 /* Sources */ = {
			isa = PBXSourcesBuildPhase;
			buildActionMask = 2147483647;
			files = (
				C55ED9AC28DD01E3001BD218 /* Campus_ClosetTests.swift in Sources */,
			);
			runOnlyForDeploymentPostprocessing = 0;
		};
		C55ED9AD28DD01E3001BD218 /* Sources */ = {
			isa = PBXSourcesBuildPhase;
			buildActionMask = 2147483647;
			files = (
				C55ED9B628DD01E3001BD218 /* Campus_ClosetUITests.swift in Sources */,
				C55ED9B828DD01E3001BD218 /* Campus_ClosetUITestsLaunchTests.swift in Sources */,
			);
			runOnlyForDeploymentPostprocessing = 0;
		};
/* End PBXSourcesBuildPhase section */

/* Begin PBXTargetDependency section */
		C55ED9A928DD01E3001BD218 /* PBXTargetDependency */ = {
			isa = PBXTargetDependency;
			target = C55ED99628DD01E1001BD218 /* Campus-Closet */;
			targetProxy = C55ED9A828DD01E3001BD218 /* PBXContainerItemProxy */;
		};
		C55ED9B328DD01E3001BD218 /* PBXTargetDependency */ = {
			isa = PBXTargetDependency;
			target = C55ED99628DD01E1001BD218 /* Campus-Closet */;
			targetProxy = C55ED9B228DD01E3001BD218 /* PBXContainerItemProxy */;
		};
/* End PBXTargetDependency section */

/* Begin XCBuildConfiguration section */
		C55ED9B928DD01E3001BD218 /* Debug */ = {
			isa = XCBuildConfiguration;
			buildSettings = {
				ALWAYS_SEARCH_USER_PATHS = NO;
				CLANG_ANALYZER_NONNULL = YES;
				CLANG_ANALYZER_NUMBER_OBJECT_CONVERSION = YES_AGGRESSIVE;
				CLANG_CXX_LANGUAGE_STANDARD = "gnu++17";
				CLANG_CXX_LIBRARY = "libc++";
				CLANG_ENABLE_MODULES = YES;
				CLANG_ENABLE_OBJC_ARC = YES;
				CLANG_ENABLE_OBJC_WEAK = YES;
				CLANG_WARN_BLOCK_CAPTURE_AUTORELEASING = YES;
				CLANG_WARN_BOOL_CONVERSION = YES;
				CLANG_WARN_COMMA = YES;
				CLANG_WARN_CONSTANT_CONVERSION = YES;
				CLANG_WARN_DEPRECATED_OBJC_IMPLEMENTATIONS = YES;
				CLANG_WARN_DIRECT_OBJC_ISA_USAGE = YES_ERROR;
				CLANG_WARN_DOCUMENTATION_COMMENTS = YES;
				CLANG_WARN_EMPTY_BODY = YES;
				CLANG_WARN_ENUM_CONVERSION = YES;
				CLANG_WARN_INFINITE_RECURSION = YES;
				CLANG_WARN_INT_CONVERSION = YES;
				CLANG_WARN_NON_LITERAL_NULL_CONVERSION = YES;
				CLANG_WARN_OBJC_IMPLICIT_RETAIN_SELF = YES;
				CLANG_WARN_OBJC_LITERAL_CONVERSION = YES;
				CLANG_WARN_OBJC_ROOT_CLASS = YES_ERROR;
				CLANG_WARN_QUOTED_INCLUDE_IN_FRAMEWORK_HEADER = YES;
				CLANG_WARN_RANGE_LOOP_ANALYSIS = YES;
				CLANG_WARN_STRICT_PROTOTYPES = YES;
				CLANG_WARN_SUSPICIOUS_MOVE = YES;
				CLANG_WARN_UNGUARDED_AVAILABILITY = YES_AGGRESSIVE;
				CLANG_WARN_UNREACHABLE_CODE = YES;
				CLANG_WARN__DUPLICATE_METHOD_MATCH = YES;
				COPY_PHASE_STRIP = NO;
				DEBUG_INFORMATION_FORMAT = dwarf;
				ENABLE_STRICT_OBJC_MSGSEND = YES;
				ENABLE_TESTABILITY = YES;
				GCC_C_LANGUAGE_STANDARD = gnu11;
				GCC_DYNAMIC_NO_PIC = NO;
				GCC_NO_COMMON_BLOCKS = YES;
				GCC_OPTIMIZATION_LEVEL = 0;
				GCC_PREPROCESSOR_DEFINITIONS = (
					"DEBUG=1",
					"$(inherited)",
				);
				GCC_WARN_64_TO_32_BIT_CONVERSION = YES;
				GCC_WARN_ABOUT_RETURN_TYPE = YES_ERROR;
				GCC_WARN_UNDECLARED_SELECTOR = YES;
				GCC_WARN_UNINITIALIZED_AUTOS = YES_AGGRESSIVE;
				GCC_WARN_UNUSED_FUNCTION = YES;
				GCC_WARN_UNUSED_VARIABLE = YES;
				IPHONEOS_DEPLOYMENT_TARGET = 15.2;
				MTL_ENABLE_DEBUG_INFO = INCLUDE_SOURCE;
				MTL_FAST_MATH = YES;
				ONLY_ACTIVE_ARCH = YES;
				SDKROOT = iphoneos;
				SWIFT_ACTIVE_COMPILATION_CONDITIONS = DEBUG;
				SWIFT_OPTIMIZATION_LEVEL = "-Onone";
			};
			name = Debug;
		};
		C55ED9BA28DD01E3001BD218 /* Release */ = {
			isa = XCBuildConfiguration;
			buildSettings = {
				ALWAYS_SEARCH_USER_PATHS = NO;
				CLANG_ANALYZER_NONNULL = YES;
				CLANG_ANALYZER_NUMBER_OBJECT_CONVERSION = YES_AGGRESSIVE;
				CLANG_CXX_LANGUAGE_STANDARD = "gnu++17";
				CLANG_CXX_LIBRARY = "libc++";
				CLANG_ENABLE_MODULES = YES;
				CLANG_ENABLE_OBJC_ARC = YES;
				CLANG_ENABLE_OBJC_WEAK = YES;
				CLANG_WARN_BLOCK_CAPTURE_AUTORELEASING = YES;
				CLANG_WARN_BOOL_CONVERSION = YES;
				CLANG_WARN_COMMA = YES;
				CLANG_WARN_CONSTANT_CONVERSION = YES;
				CLANG_WARN_DEPRECATED_OBJC_IMPLEMENTATIONS = YES;
				CLANG_WARN_DIRECT_OBJC_ISA_USAGE = YES_ERROR;
				CLANG_WARN_DOCUMENTATION_COMMENTS = YES;
				CLANG_WARN_EMPTY_BODY = YES;
				CLANG_WARN_ENUM_CONVERSION = YES;
				CLANG_WARN_INFINITE_RECURSION = YES;
				CLANG_WARN_INT_CONVERSION = YES;
				CLANG_WARN_NON_LITERAL_NULL_CONVERSION = YES;
				CLANG_WARN_OBJC_IMPLICIT_RETAIN_SELF = YES;
				CLANG_WARN_OBJC_LITERAL_CONVERSION = YES;
				CLANG_WARN_OBJC_ROOT_CLASS = YES_ERROR;
				CLANG_WARN_QUOTED_INCLUDE_IN_FRAMEWORK_HEADER = YES;
				CLANG_WARN_RANGE_LOOP_ANALYSIS = YES;
				CLANG_WARN_STRICT_PROTOTYPES = YES;
				CLANG_WARN_SUSPICIOUS_MOVE = YES;
				CLANG_WARN_UNGUARDED_AVAILABILITY = YES_AGGRESSIVE;
				CLANG_WARN_UNREACHABLE_CODE = YES;
				CLANG_WARN__DUPLICATE_METHOD_MATCH = YES;
				COPY_PHASE_STRIP = NO;
				DEBUG_INFORMATION_FORMAT = "dwarf-with-dsym";
				ENABLE_NS_ASSERTIONS = NO;
				ENABLE_STRICT_OBJC_MSGSEND = YES;
				GCC_C_LANGUAGE_STANDARD = gnu11;
				GCC_NO_COMMON_BLOCKS = YES;
				GCC_WARN_64_TO_32_BIT_CONVERSION = YES;
				GCC_WARN_ABOUT_RETURN_TYPE = YES_ERROR;
				GCC_WARN_UNDECLARED_SELECTOR = YES;
				GCC_WARN_UNINITIALIZED_AUTOS = YES_AGGRESSIVE;
				GCC_WARN_UNUSED_FUNCTION = YES;
				GCC_WARN_UNUSED_VARIABLE = YES;
				IPHONEOS_DEPLOYMENT_TARGET = 15.2;
				MTL_ENABLE_DEBUG_INFO = NO;
				MTL_FAST_MATH = YES;
				SDKROOT = iphoneos;
				SWIFT_COMPILATION_MODE = wholemodule;
				SWIFT_OPTIMIZATION_LEVEL = "-O";
				VALIDATE_PRODUCT = YES;
			};
			name = Release;
		};
		C55ED9BC28DD01E3001BD218 /* Debug */ = {
			isa = XCBuildConfiguration;
			buildSettings = {
				ASSETCATALOG_COMPILER_APPICON_NAME = AppIcon;
				ASSETCATALOG_COMPILER_GLOBAL_ACCENT_COLOR_NAME = AccentColor;
				CODE_SIGN_STYLE = Automatic;
				CURRENT_PROJECT_VERSION = 1;
				DEVELOPMENT_ASSET_PATHS = "\"Campus-Closet/Preview Content\"";
				DEVELOPMENT_TEAM = HG434AAP92;
				ENABLE_PREVIEWS = YES;
				GENERATE_INFOPLIST_FILE = YES;
				INFOPLIST_KEY_UIApplicationSceneManifest_Generation = YES;
				INFOPLIST_KEY_UIApplicationSupportsIndirectInputEvents = YES;
				INFOPLIST_KEY_UILaunchScreen_Generation = YES;
				INFOPLIST_KEY_UISupportedInterfaceOrientations_iPad = "UIInterfaceOrientationPortrait UIInterfaceOrientationPortraitUpsideDown UIInterfaceOrientationLandscapeLeft UIInterfaceOrientationLandscapeRight";
				INFOPLIST_KEY_UISupportedInterfaceOrientations_iPhone = "UIInterfaceOrientationPortrait UIInterfaceOrientationLandscapeLeft UIInterfaceOrientationLandscapeRight";
				LD_RUNPATH_SEARCH_PATHS = (
					"$(inherited)",
					"@executable_path/Frameworks",
				);
				MARKETING_VERSION = 1.0;
				PRODUCT_BUNDLE_IDENTIFIER = "com.vandycs.Campus-Closet";
				PRODUCT_NAME = "$(TARGET_NAME)";
				SWIFT_EMIT_LOC_STRINGS = YES;
				SWIFT_VERSION = 5.0;
				TARGETED_DEVICE_FAMILY = "1,2";
			};
			name = Debug;
		};
		C55ED9BD28DD01E3001BD218 /* Release */ = {
			isa = XCBuildConfiguration;
			buildSettings = {
				ASSETCATALOG_COMPILER_APPICON_NAME = AppIcon;
				ASSETCATALOG_COMPILER_GLOBAL_ACCENT_COLOR_NAME = AccentColor;
				CODE_SIGN_STYLE = Automatic;
				CURRENT_PROJECT_VERSION = 1;
				DEVELOPMENT_ASSET_PATHS = "\"Campus-Closet/Preview Content\"";
				DEVELOPMENT_TEAM = HG434AAP92;
				ENABLE_PREVIEWS = YES;
				GENERATE_INFOPLIST_FILE = YES;
				INFOPLIST_KEY_UIApplicationSceneManifest_Generation = YES;
				INFOPLIST_KEY_UIApplicationSupportsIndirectInputEvents = YES;
				INFOPLIST_KEY_UILaunchScreen_Generation = YES;
				INFOPLIST_KEY_UISupportedInterfaceOrientations_iPad = "UIInterfaceOrientationPortrait UIInterfaceOrientationPortraitUpsideDown UIInterfaceOrientationLandscapeLeft UIInterfaceOrientationLandscapeRight";
				INFOPLIST_KEY_UISupportedInterfaceOrientations_iPhone = "UIInterfaceOrientationPortrait UIInterfaceOrientationLandscapeLeft UIInterfaceOrientationLandscapeRight";
				LD_RUNPATH_SEARCH_PATHS = (
					"$(inherited)",
					"@executable_path/Frameworks",
				);
				MARKETING_VERSION = 1.0;
				PRODUCT_BUNDLE_IDENTIFIER = "com.vandycs.Campus-Closet";
				PRODUCT_NAME = "$(TARGET_NAME)";
				SWIFT_EMIT_LOC_STRINGS = YES;
				SWIFT_VERSION = 5.0;
				TARGETED_DEVICE_FAMILY = "1,2";
			};
			name = Release;
		};
		C55ED9BF28DD01E3001BD218 /* Debug */ = {
			isa = XCBuildConfiguration;
			buildSettings = {
				ALWAYS_EMBED_SWIFT_STANDARD_LIBRARIES = YES;
				BUNDLE_LOADER = "$(TEST_HOST)";
				CODE_SIGN_STYLE = Automatic;
				CURRENT_PROJECT_VERSION = 1;
				DEVELOPMENT_TEAM = HG434AAP92;
				GENERATE_INFOPLIST_FILE = YES;
				IPHONEOS_DEPLOYMENT_TARGET = 15.2;
				MARKETING_VERSION = 1.0;
				PRODUCT_BUNDLE_IDENTIFIER = "com.vandycs.Campus-ClosetTests";
				PRODUCT_NAME = "$(TARGET_NAME)";
				SWIFT_EMIT_LOC_STRINGS = NO;
				SWIFT_VERSION = 5.0;
				TARGETED_DEVICE_FAMILY = "1,2";
				TEST_HOST = "$(BUILT_PRODUCTS_DIR)/Campus-Closet.app/Campus-Closet";
			};
			name = Debug;
		};
		C55ED9C028DD01E3001BD218 /* Release */ = {
			isa = XCBuildConfiguration;
			buildSettings = {
				ALWAYS_EMBED_SWIFT_STANDARD_LIBRARIES = YES;
				BUNDLE_LOADER = "$(TEST_HOST)";
				CODE_SIGN_STYLE = Automatic;
				CURRENT_PROJECT_VERSION = 1;
				DEVELOPMENT_TEAM = HG434AAP92;
				GENERATE_INFOPLIST_FILE = YES;
				IPHONEOS_DEPLOYMENT_TARGET = 15.2;
				MARKETING_VERSION = 1.0;
				PRODUCT_BUNDLE_IDENTIFIER = "com.vandycs.Campus-ClosetTests";
				PRODUCT_NAME = "$(TARGET_NAME)";
				SWIFT_EMIT_LOC_STRINGS = NO;
				SWIFT_VERSION = 5.0;
				TARGETED_DEVICE_FAMILY = "1,2";
				TEST_HOST = "$(BUILT_PRODUCTS_DIR)/Campus-Closet.app/Campus-Closet";
			};
			name = Release;
		};
		C55ED9C228DD01E3001BD218 /* Debug */ = {
			isa = XCBuildConfiguration;
			buildSettings = {
				ALWAYS_EMBED_SWIFT_STANDARD_LIBRARIES = YES;
				CODE_SIGN_STYLE = Automatic;
				CURRENT_PROJECT_VERSION = 1;
				DEVELOPMENT_TEAM = HG434AAP92;
				GENERATE_INFOPLIST_FILE = YES;
				MARKETING_VERSION = 1.0;
				PRODUCT_BUNDLE_IDENTIFIER = "com.vandycs.Campus-ClosetUITests";
				PRODUCT_NAME = "$(TARGET_NAME)";
				SWIFT_EMIT_LOC_STRINGS = NO;
				SWIFT_VERSION = 5.0;
				TARGETED_DEVICE_FAMILY = "1,2";
				TEST_TARGET_NAME = "Campus-Closet";
			};
			name = Debug;
		};
		C55ED9C328DD01E3001BD218 /* Release */ = {
			isa = XCBuildConfiguration;
			buildSettings = {
				ALWAYS_EMBED_SWIFT_STANDARD_LIBRARIES = YES;
				CODE_SIGN_STYLE = Automatic;
				CURRENT_PROJECT_VERSION = 1;
				DEVELOPMENT_TEAM = HG434AAP92;
				GENERATE_INFOPLIST_FILE = YES;
				MARKETING_VERSION = 1.0;
				PRODUCT_BUNDLE_IDENTIFIER = "com.vandycs.Campus-ClosetUITests";
				PRODUCT_NAME = "$(TARGET_NAME)";
				SWIFT_EMIT_LOC_STRINGS = NO;
				SWIFT_VERSION = 5.0;
				TARGETED_DEVICE_FAMILY = "1,2";
				TEST_TARGET_NAME = "Campus-Closet";
			};
			name = Release;
		};
/* End XCBuildConfiguration section */

/* Begin XCConfigurationList section */
		C55ED99228DD01E1001BD218 /* Build configuration list for PBXProject "Campus-Closet" */ = {
			isa = XCConfigurationList;
			buildConfigurations = (
				C55ED9B928DD01E3001BD218 /* Debug */,
				C55ED9BA28DD01E3001BD218 /* Release */,
			);
			defaultConfigurationIsVisible = 0;
			defaultConfigurationName = Release;
		};
		C55ED9BB28DD01E3001BD218 /* Build configuration list for PBXNativeTarget "Campus-Closet" */ = {
			isa = XCConfigurationList;
			buildConfigurations = (
				C55ED9BC28DD01E3001BD218 /* Debug */,
				C55ED9BD28DD01E3001BD218 /* Release */,
			);
			defaultConfigurationIsVisible = 0;
			defaultConfigurationName = Release;
		};
		C55ED9BE28DD01E3001BD218 /* Build configuration list for PBXNativeTarget "Campus-ClosetTests" */ = {
			isa = XCConfigurationList;
			buildConfigurations = (
				C55ED9BF28DD01E3001BD218 /* Debug */,
				C55ED9C028DD01E3001BD218 /* Release */,
			);
			defaultConfigurationIsVisible = 0;
			defaultConfigurationName = Release;
		};
		C55ED9C128DD01E3001BD218 /* Build configuration list for PBXNativeTarget "Campus-ClosetUITests" */ = {
			isa = XCConfigurationList;
			buildConfigurations = (
				C55ED9C228DD01E3001BD218 /* Debug */,
				C55ED9C328DD01E3001BD218 /* Release */,
			);
			defaultConfigurationIsVisible = 0;
			defaultConfigurationName = Release;
		};
/* End XCConfigurationList section */

/* Begin XCRemoteSwiftPackageReference section */
		C527284228E8C1B9008C1D60 /* XCRemoteSwiftPackageReference "firebase-ios-sdk" */ = {
			isa = XCRemoteSwiftPackageReference;
			repositoryURL = "https://github.com/firebase/firebase-ios-sdk";
			requirement = {
				kind = upToNextMajorVersion;
				minimumVersion = 9.0.0;
			};
		};
		C532138D28F341C8004F2267 /* XCRemoteSwiftPackageReference "SlidingTabView" */ = {
			isa = XCRemoteSwiftPackageReference;
			repositoryURL = "https://github.com/QuynhNguyen/SlidingTabView";
			requirement = {
				kind = upToNextMajorVersion;
				minimumVersion = 1.0.0;
			};
		};
/* End XCRemoteSwiftPackageReference section */

/* Begin XCSwiftPackageProductDependency section */
		C527284328E8C1B9008C1D60 /* FirebaseAnalytics */ = {
			isa = XCSwiftPackageProductDependency;
			package = C527284228E8C1B9008C1D60 /* XCRemoteSwiftPackageReference "firebase-ios-sdk" */;
			productName = FirebaseAnalytics;
		};
		C527284528E8C1B9008C1D60 /* FirebaseAnalyticsSwift */ = {
			isa = XCSwiftPackageProductDependency;
			package = C527284228E8C1B9008C1D60 /* XCRemoteSwiftPackageReference "firebase-ios-sdk" */;
			productName = FirebaseAnalyticsSwift;
		};
		C527284728E8C1B9008C1D60 /* FirebaseAuth */ = {
			isa = XCSwiftPackageProductDependency;
			package = C527284228E8C1B9008C1D60 /* XCRemoteSwiftPackageReference "firebase-ios-sdk" */;
			productName = FirebaseAuth;
		};
		C527284928E8C1B9008C1D60 /* FirebaseFirestore */ = {
			isa = XCSwiftPackageProductDependency;
			package = C527284228E8C1B9008C1D60 /* XCRemoteSwiftPackageReference "firebase-ios-sdk" */;
			productName = FirebaseFirestore;
		};
		C527284B28E8C1B9008C1D60 /* FirebaseFirestoreSwift */ = {
			isa = XCSwiftPackageProductDependency;
			package = C527284228E8C1B9008C1D60 /* XCRemoteSwiftPackageReference "firebase-ios-sdk" */;
			productName = FirebaseFirestoreSwift;
		};
		C532138E28F341C9004F2267 /* SlidingTabView */ = {
			isa = XCSwiftPackageProductDependency;
			package = C532138D28F341C8004F2267 /* XCRemoteSwiftPackageReference "SlidingTabView" */;
			productName = SlidingTabView;
		};
/* End XCSwiftPackageProductDependency section */
	};
	rootObject = C55ED98F28DD01E1001BD218 /* Project object */;
}
